%{"canada": {:git, "git://github.com/Fabi755/canada.git", "4f39b7c98d2bd21a3ca8e988e625207f2a5da213", []},
  "decimal": {:hex, :decimal, "1.1.0"},
  "earmark": {:hex, :earmark, "0.1.17"},
  "ecto": {:hex, :ecto, "0.14.2"},
  "ex_doc": {:hex, :ex_doc, "0.7.3"},
  "meck": {:hex, :meck, "0.8.2"},
  "mock": {:hex, :mock, "0.1.1"},
  "plug": {:hex, :plug, "0.13.0"},
  "poolboy": {:hex, :poolboy, "1.5.1"}}
